
Microsoft Visual Studio Solution File, Format Version 12.00
# Visual Studio Version 16
VisualStudioVersion = 16.0.29306.81
MinimumVisualStudioVersion = 10.0.40219.1
Project("{FAE04EC0-301F-11D3-BF4B-00C04F79EFBC}") = "Vidly", "Vidly\Vidly.csproj", "{76CA043B-1553-41CF-BCD2-9DC5A851FA13}"
EndProject
Global
	GlobalSection(SolutionConfigurationPlatforms) = preSolution
		Debug|Any CPU = Debug|Any CPU
		Release|Any CPU = Release|Any CPU
	EndGlobalSection
	GlobalSection(ProjectConfigurationPlatforms) = postSolution
		{76CA043B-1553-41CF-BCD2-9DC5A851FA13}.Debug|Any CPU.ActiveCfg = Debug|Any CPU
		{76CA043B-1553-41CF-BCD2-9DC5A851FA13}.Debug|Any CPU.Build.0 = Debug|Any CPU
		{76CA043B-1553-41CF-BCD2-9DC5A851FA13}.Release|Any CPU.ActiveCfg = Release|Any CPU
		{76CA043B-1553-41CF-BCD2-9DC5A851FA13}.Release|Any CPU.Build.0 = Release|Any CPU
	EndGlobalSection
	GlobalSection(SolutionProperties) = preSolution
		HideSolutionNode = FALSE
	EndGlobalSection
	GlobalSection(ExtensibilityGlobals) = postSolution
		SolutionGuid = {E335CE29-B0B8-4A29-9285-2F7909E54DE0}
	EndGlobalSection
EndGlobal
